
Microsoft Visual Studio Solution File, Format Version 12.00
# Visual Studio 2013
VisualStudioVersion = 12.0.21005.1
MinimumVisualStudioVersion = 10.0.40219.1
Project("{FAE04EC0-301F-11D3-BF4B-00C04F79EFBC}") = "Issue_Management_Main", "Issue_Management_Main\Issue_Management_Main.csproj", "{F85B1C54-AA1F-42D0-BBE0-925AA4CDF55B}"
EndProject
Project("{2150E333-8FDC-42A3-9474-1A3956D46DE8}") = "Issue", "Issue", "{0BC3BE14-EEFD-4AC6-A824-BDA1FDCAC508}"
EndProject
Project("{FAE04EC0-301F-11D3-BF4B-00C04F79EFBC}") = "Issue.Create", "Issue\Issue.Create\Issue.Create.csproj", "{FC457372-90F8-4751-A106-83DB093CCF46}"
EndProject
Project("{2150E333-8FDC-42A3-9474-1A3956D46DE8}") = "User", "User", "{BE3CA869-C611-4B6B-B500-8EF24AF8F395}"
EndProject
Project("{2150E333-8FDC-42A3-9474-1A3956D46DE8}") = "Project", "Project", "{A673B792-21D7-4CC8-A40A-C30B1B327E51}"
EndProject
Project("{2150E333-8FDC-42A3-9474-1A3956D46DE8}") = "Report", "Report", "{043DAB2E-84BC-41F1-B12A-9AD3BCB860DA}"
EndProject
Project("{FAE04EC0-301F-11D3-BF4B-00C04F79EFBC}") = "User.Register", "User\User.Register\User.Register.csproj", "{B86913ED-9009-49E5-9937-C97F165C65F4}"
EndProject
Project("{FAE04EC0-301F-11D3-BF4B-00C04F79EFBC}") = "User.ResetPass", "User\User.ResetPass\User.ResetPass.csproj", "{43FF4050-1C5D-4931-8EEC-A2D6124D8C96}"
EndProject
Project("{FAE04EC0-301F-11D3-BF4B-00C04F79EFBC}") = "User.Login", "User\User.Login\User.Login.csproj", "{F90F1A71-D411-4ED4-B60D-CD4335CDC9D5}"
EndProject
Project("{FAE04EC0-301F-11D3-BF4B-00C04F79EFBC}") = "Project.Management", "Project\Project.Management\Project.Management.csproj", "{79C0A2AE-AFC2-41A4-A428-1CF83A3D1BFC}"
EndProject
Project("{FAE04EC0-301F-11D3-BF4B-00C04F79EFBC}") = "Project.Member", "Project\Project.Member\Project.Member.csproj", "{F177D805-4E86-4CD9-960B-2383B8616F75}"
EndProject
Project("{FAE04EC0-301F-11D3-BF4B-00C04F79EFBC}") = "Project.Version", "Project\Project.Version\Project.Version.csproj", "{DBA91EEA-5455-45DF-B3F5-60542F68FF44}"
EndProject
Project("{FAE04EC0-301F-11D3-BF4B-00C04F79EFBC}") = "User.Profile", "User\User.Profile\User.Profile.csproj", "{47A3DEF0-B58F-48EE-BB47-BB825DD266F0}"
EndProject
Project("{FAE04EC0-301F-11D3-BF4B-00C04F79EFBC}") = "User.AccountSetting", "User\User.AccountSetting\User.AccountSetting.csproj", "{6FCCEF0F-2B89-4638-92BB-00A6985DBD05}"
EndProject
Project("{FAE04EC0-301F-11D3-BF4B-00C04F79EFBC}") = "User.ChangePass", "User\User.ChangePass\User.ChangePass.csproj", "{87F90031-5E11-48E3-998D-5AB6676865BF}"
EndProject
Global
	GlobalSection(SolutionConfigurationPlatforms) = preSolution
		Debug|Any CPU = Debug|Any CPU
		Release|Any CPU = Release|Any CPU
	EndGlobalSection
	GlobalSection(ProjectConfigurationPlatforms) = postSolution
		{F85B1C54-AA1F-42D0-BBE0-925AA4CDF55B}.Debug|Any CPU.ActiveCfg = Debug|Any CPU
		{F85B1C54-AA1F-42D0-BBE0-925AA4CDF55B}.Debug|Any CPU.Build.0 = Debug|Any CPU
		{F85B1C54-AA1F-42D0-BBE0-925AA4CDF55B}.Release|Any CPU.ActiveCfg = Release|Any CPU
		{F85B1C54-AA1F-42D0-BBE0-925AA4CDF55B}.Release|Any CPU.Build.0 = Release|Any CPU
		{FC457372-90F8-4751-A106-83DB093CCF46}.Debug|Any CPU.ActiveCfg = Debug|Any CPU
		{FC457372-90F8-4751-A106-83DB093CCF46}.Debug|Any CPU.Build.0 = Debug|Any CPU
		{FC457372-90F8-4751-A106-83DB093CCF46}.Release|Any CPU.ActiveCfg = Release|Any CPU
		{FC457372-90F8-4751-A106-83DB093CCF46}.Release|Any CPU.Build.0 = Release|Any CPU
		{B86913ED-9009-49E5-9937-C97F165C65F4}.Debug|Any CPU.ActiveCfg = Debug|Any CPU
		{B86913ED-9009-49E5-9937-C97F165C65F4}.Debug|Any CPU.Build.0 = Debug|Any CPU
		{B86913ED-9009-49E5-9937-C97F165C65F4}.Release|Any CPU.ActiveCfg = Release|Any CPU
		{B86913ED-9009-49E5-9937-C97F165C65F4}.Release|Any CPU.Build.0 = Release|Any CPU
		{43FF4050-1C5D-4931-8EEC-A2D6124D8C96}.Debug|Any CPU.ActiveCfg = Debug|Any CPU
		{43FF4050-1C5D-4931-8EEC-A2D6124D8C96}.Debug|Any CPU.Build.0 = Debug|Any CPU
		{43FF4050-1C5D-4931-8EEC-A2D6124D8C96}.Release|Any CPU.ActiveCfg = Release|Any CPU
		{43FF4050-1C5D-4931-8EEC-A2D6124D8C96}.Release|Any CPU.Build.0 = Release|Any CPU
		{F90F1A71-D411-4ED4-B60D-CD4335CDC9D5}.Debug|Any CPU.ActiveCfg = Debug|Any CPU
		{F90F1A71-D411-4ED4-B60D-CD4335CDC9D5}.Debug|Any CPU.Build.0 = Debug|Any CPU
		{F90F1A71-D411-4ED4-B60D-CD4335CDC9D5}.Release|Any CPU.ActiveCfg = Release|Any CPU
		{F90F1A71-D411-4ED4-B60D-CD4335CDC9D5}.Release|Any CPU.Build.0 = Release|Any CPU
		{79C0A2AE-AFC2-41A4-A428-1CF83A3D1BFC}.Debug|Any CPU.ActiveCfg = Debug|Any CPU
		{79C0A2AE-AFC2-41A4-A428-1CF83A3D1BFC}.Debug|Any CPU.Build.0 = Debug|Any CPU
		{79C0A2AE-AFC2-41A4-A428-1CF83A3D1BFC}.Release|Any CPU.ActiveCfg = Release|Any CPU
		{79C0A2AE-AFC2-41A4-A428-1CF83A3D1BFC}.Release|Any CPU.Build.0 = Release|Any CPU
		{F177D805-4E86-4CD9-960B-2383B8616F75}.Debug|Any CPU.ActiveCfg = Debug|Any CPU
		{F177D805-4E86-4CD9-960B-2383B8616F75}.Debug|Any CPU.Build.0 = Debug|Any CPU
		{F177D805-4E86-4CD9-960B-2383B8616F75}.Release|Any CPU.ActiveCfg = Release|Any CPU
		{F177D805-4E86-4CD9-960B-2383B8616F75}.Release|Any CPU.Build.0 = Release|Any CPU
		{DBA91EEA-5455-45DF-B3F5-60542F68FF44}.Debug|Any CPU.ActiveCfg = Debug|Any CPU
		{DBA91EEA-5455-45DF-B3F5-60542F68FF44}.Debug|Any CPU.Build.0 = Debug|Any CPU
		{DBA91EEA-5455-45DF-B3F5-60542F68FF44}.Release|Any CPU.ActiveCfg = Release|Any CPU
		{DBA91EEA-5455-45DF-B3F5-60542F68FF44}.Release|Any CPU.Build.0 = Release|Any CPU
		{47A3DEF0-B58F-48EE-BB47-BB825DD266F0}.Debug|Any CPU.ActiveCfg = Debug|Any CPU
		{47A3DEF0-B58F-48EE-BB47-BB825DD266F0}.Debug|Any CPU.Build.0 = Debug|Any CPU
		{47A3DEF0-B58F-48EE-BB47-BB825DD266F0}.Release|Any CPU.ActiveCfg = Release|Any CPU
		{47A3DEF0-B58F-48EE-BB47-BB825DD266F0}.Release|Any CPU.Build.0 = Release|Any CPU
		{6FCCEF0F-2B89-4638-92BB-00A6985DBD05}.Debug|Any CPU.ActiveCfg = Debug|Any CPU
		{6FCCEF0F-2B89-4638-92BB-00A6985DBD05}.Debug|Any CPU.Build.0 = Debug|Any CPU
		{6FCCEF0F-2B89-4638-92BB-00A6985DBD05}.Release|Any CPU.ActiveCfg = Release|Any CPU
		{6FCCEF0F-2B89-4638-92BB-00A6985DBD05}.Release|Any CPU.Build.0 = Release|Any CPU
		{87F90031-5E11-48E3-998D-5AB6676865BF}.Debug|Any CPU.ActiveCfg = Debug|Any CPU
		{87F90031-5E11-48E3-998D-5AB6676865BF}.Debug|Any CPU.Build.0 = Debug|Any CPU
		{87F90031-5E11-48E3-998D-5AB6676865BF}.Release|Any CPU.ActiveCfg = Release|Any CPU
		{87F90031-5E11-48E3-998D-5AB6676865BF}.Release|Any CPU.Build.0 = Release|Any CPU
	EndGlobalSection
	GlobalSection(SolutionProperties) = preSolution
		HideSolutionNode = FALSE
	EndGlobalSection
	GlobalSection(NestedProjects) = preSolution
		{FC457372-90F8-4751-A106-83DB093CCF46} = {0BC3BE14-EEFD-4AC6-A824-BDA1FDCAC508}
		{B86913ED-9009-49E5-9937-C97F165C65F4} = {BE3CA869-C611-4B6B-B500-8EF24AF8F395}
		{43FF4050-1C5D-4931-8EEC-A2D6124D8C96} = {BE3CA869-C611-4B6B-B500-8EF24AF8F395}
		{F90F1A71-D411-4ED4-B60D-CD4335CDC9D5} = {BE3CA869-C611-4B6B-B500-8EF24AF8F395}
		{47A3DEF0-B58F-48EE-BB47-BB825DD266F0} = {BE3CA869-C611-4B6B-B500-8EF24AF8F395}
		{6FCCEF0F-2B89-4638-92BB-00A6985DBD05} = {BE3CA869-C611-4B6B-B500-8EF24AF8F395}
		{87F90031-5E11-48E3-998D-5AB6676865BF} = {BE3CA869-C611-4B6B-B500-8EF24AF8F395}
		{79C0A2AE-AFC2-41A4-A428-1CF83A3D1BFC} = {A673B792-21D7-4CC8-A40A-C30B1B327E51}
		{F177D805-4E86-4CD9-960B-2383B8616F75} = {A673B792-21D7-4CC8-A40A-C30B1B327E51}
		{DBA91EEA-5455-45DF-B3F5-60542F68FF44} = {A673B792-21D7-4CC8-A40A-C30B1B327E51}
	EndGlobalSection
EndGlobal
